
Microsoft Visual Studio Solution File, Format Version 12.00
# Visual Studio Version 17
VisualStudioVersion = 17.4.33213.308
MinimumVisualStudioVersion = 10.0.40219.1
Project("{FAE04EC0-301F-11D3-BF4B-00C04F79EFBC}") = "17_Generic", "17_Generic\17_Generic.csproj", "{1958910F-D9A9-4D3F-AA50-BCC783E15E49}"
EndProject
Global
	GlobalSection(SolutionConfigurationPlatforms) = preSolution
		Debug|Any CPU = Debug|Any CPU
		Release|Any CPU = Release|Any CPU
	EndGlobalSection
	GlobalSection(ProjectConfigurationPlatforms) = postSolution
		{1958910F-D9A9-4D3F-AA50-BCC783E15E49}.Debug|Any CPU.ActiveCfg = Debug|Any CPU
		{1958910F-D9A9-4D3F-AA50-BCC783E15E49}.Debug|Any CPU.Build.0 = Debug|Any CPU
		{1958910F-D9A9-4D3F-AA50-BCC783E15E49}.Release|Any CPU.ActiveCfg = Release|Any CPU
		{1958910F-D9A9-4D3F-AA50-BCC783E15E49}.Release|Any CPU.Build.0 = Release|Any CPU
	EndGlobalSection
	GlobalSection(SolutionProperties) = preSolution
		HideSolutionNode = FALSE
	EndGlobalSection
	GlobalSection(ExtensibilityGlobals) = postSolution
		SolutionGuid = {D297EB7A-8911-4A54-A26C-5AF38CBC7967}
	EndGlobalSection
EndGlobal
